
Microsoft Visual Studio Solution File, Format Version 12.00
# Visual Studio Version 16
VisualStudioVersion = 16.0.30011.22
MinimumVisualStudioVersion = 10.0.40219.1
Project("{9A19103F-16F7-4668-BE54-9A1E7A4F7556}") = "Improve", "Improve\Improve.csproj", "{10E1CE8B-547D-40F9-97B3-B1C01FE7EEEA}"
	ProjectSection(ProjectDependencies) = postProject
		{5C40A578-F4C5-4C20-A328-B79ABDF84FFC} = {5C40A578-F4C5-4C20-A328-B79ABDF84FFC}
		{313FBE80-54FB-4057-B289-A023D8BAE0C8} = {313FBE80-54FB-4057-B289-A023D8BAE0C8}
		{4FEB16C2-FF2E-4F08-8268-85705B3F1E6E} = {4FEB16C2-FF2E-4F08-8268-85705B3F1E6E}
	EndProjectSection
EndProject
Project("{2150E333-8FDC-42A3-9474-1A3956D46DE8}") = "Infrastructure", "Infrastructure", "{C7D55DE8-6ADA-4EE4-B71F-E1C9E29863F2}"
EndProject
Project("{9A19103F-16F7-4668-BE54-9A1E7A4F7556}") = "Improve.LoggerLib", "Improve.LoggerLib\Improve.LoggerLib.csproj", "{7DAD17B2-F445-4997-9573-C0827C752EB8}"
EndProject
Project("{2150E333-8FDC-42A3-9474-1A3956D46DE8}") = "Modules", "Modules", "{783ED2E3-B352-46F1-B2B2-49020EE9892D}"
EndProject
Project("{9A19103F-16F7-4668-BE54-9A1E7A4F7556}") = "Improve.Module.Login", "Improve.Module.Login\Improve.Module.Login.csproj", "{5C40A578-F4C5-4C20-A328-B79ABDF84FFC}"
EndProject
Project("{9A19103F-16F7-4668-BE54-9A1E7A4F7556}") = "Improve.Module.StudyRoom", "Improve.Module.StudyRoom\Improve.Module.StudyRoom.csproj", "{4FEB16C2-FF2E-4F08-8268-85705B3F1E6E}"
EndProject
Project("{9A19103F-16F7-4668-BE54-9A1E7A4F7556}") = "Improve.Module.NavigationBar", "Improve.Module.NavigationBar\Improve.Module.NavigationBar.csproj", "{313FBE80-54FB-4057-B289-A023D8BAE0C8}"
EndProject
Project("{9A19103F-16F7-4668-BE54-9A1E7A4F7556}") = "Improve.Infrastructure", "Improve.Infrastructure\Improve.Infrastructure.csproj", "{A6EB1497-8132-4113-AB4D-03F13333E827}"
EndProject
Project("{9A19103F-16F7-4668-BE54-9A1E7A4F7556}") = "Improve.MahAppsUI", "Improve.MahAppsUI\Improve.MahAppsUI.csproj", "{F2B69A63-2650-4ACA-930B-4AAF013B769F}"
EndProject
Global
	GlobalSection(SolutionConfigurationPlatforms) = preSolution
		Debug|Any CPU = Debug|Any CPU
		Release|Any CPU = Release|Any CPU
	EndGlobalSection
	GlobalSection(ProjectConfigurationPlatforms) = postSolution
		{10E1CE8B-547D-40F9-97B3-B1C01FE7EEEA}.Debug|Any CPU.ActiveCfg = Debug|Any CPU
		{10E1CE8B-547D-40F9-97B3-B1C01FE7EEEA}.Debug|Any CPU.Build.0 = Debug|Any CPU
		{10E1CE8B-547D-40F9-97B3-B1C01FE7EEEA}.Release|Any CPU.ActiveCfg = Release|Any CPU
		{10E1CE8B-547D-40F9-97B3-B1C01FE7EEEA}.Release|Any CPU.Build.0 = Release|Any CPU
		{7DAD17B2-F445-4997-9573-C0827C752EB8}.Debug|Any CPU.ActiveCfg = Debug|Any CPU
		{7DAD17B2-F445-4997-9573-C0827C752EB8}.Debug|Any CPU.Build.0 = Debug|Any CPU
		{7DAD17B2-F445-4997-9573-C0827C752EB8}.Release|Any CPU.ActiveCfg = Release|Any CPU
		{7DAD17B2-F445-4997-9573-C0827C752EB8}.Release|Any CPU.Build.0 = Release|Any CPU
		{5C40A578-F4C5-4C20-A328-B79ABDF84FFC}.Debug|Any CPU.ActiveCfg = Debug|Any CPU
		{5C40A578-F4C5-4C20-A328-B79ABDF84FFC}.Debug|Any CPU.Build.0 = Debug|Any CPU
		{5C40A578-F4C5-4C20-A328-B79ABDF84FFC}.Release|Any CPU.ActiveCfg = Release|Any CPU
		{5C40A578-F4C5-4C20-A328-B79ABDF84FFC}.Release|Any CPU.Build.0 = Release|Any CPU
		{4FEB16C2-FF2E-4F08-8268-85705B3F1E6E}.Debug|Any CPU.ActiveCfg = Debug|Any CPU
		{4FEB16C2-FF2E-4F08-8268-85705B3F1E6E}.Debug|Any CPU.Build.0 = Debug|Any CPU
		{4FEB16C2-FF2E-4F08-8268-85705B3F1E6E}.Release|Any CPU.ActiveCfg = Release|Any CPU
		{4FEB16C2-FF2E-4F08-8268-85705B3F1E6E}.Release|Any CPU.Build.0 = Release|Any CPU
		{313FBE80-54FB-4057-B289-A023D8BAE0C8}.Debug|Any CPU.ActiveCfg = Debug|Any CPU
		{313FBE80-54FB-4057-B289-A023D8BAE0C8}.Debug|Any CPU.Build.0 = Debug|Any CPU
		{313FBE80-54FB-4057-B289-A023D8BAE0C8}.Release|Any CPU.ActiveCfg = Release|Any CPU
		{313FBE80-54FB-4057-B289-A023D8BAE0C8}.Release|Any CPU.Build.0 = Release|Any CPU
		{A6EB1497-8132-4113-AB4D-03F13333E827}.Debug|Any CPU.ActiveCfg = Debug|Any CPU
		{A6EB1497-8132-4113-AB4D-03F13333E827}.Debug|Any CPU.Build.0 = Debug|Any CPU
		{A6EB1497-8132-4113-AB4D-03F13333E827}.Release|Any CPU.ActiveCfg = Release|Any CPU
		{A6EB1497-8132-4113-AB4D-03F13333E827}.Release|Any CPU.Build.0 = Release|Any CPU
		{F2B69A63-2650-4ACA-930B-4AAF013B769F}.Debug|Any CPU.ActiveCfg = Debug|Any CPU
		{F2B69A63-2650-4ACA-930B-4AAF013B769F}.Debug|Any CPU.Build.0 = Debug|Any CPU
		{F2B69A63-2650-4ACA-930B-4AAF013B769F}.Release|Any CPU.ActiveCfg = Release|Any CPU
		{F2B69A63-2650-4ACA-930B-4AAF013B769F}.Release|Any CPU.Build.0 = Release|Any CPU
	EndGlobalSection
	GlobalSection(SolutionProperties) = preSolution
		HideSolutionNode = FALSE
	EndGlobalSection
	GlobalSection(NestedProjects) = preSolution
		{7DAD17B2-F445-4997-9573-C0827C752EB8} = {C7D55DE8-6ADA-4EE4-B71F-E1C9E29863F2}
		{5C40A578-F4C5-4C20-A328-B79ABDF84FFC} = {783ED2E3-B352-46F1-B2B2-49020EE9892D}
		{4FEB16C2-FF2E-4F08-8268-85705B3F1E6E} = {783ED2E3-B352-46F1-B2B2-49020EE9892D}
		{313FBE80-54FB-4057-B289-A023D8BAE0C8} = {783ED2E3-B352-46F1-B2B2-49020EE9892D}
		{A6EB1497-8132-4113-AB4D-03F13333E827} = {C7D55DE8-6ADA-4EE4-B71F-E1C9E29863F2}
		{F2B69A63-2650-4ACA-930B-4AAF013B769F} = {C7D55DE8-6ADA-4EE4-B71F-E1C9E29863F2}
	EndGlobalSection
	GlobalSection(ExtensibilityGlobals) = postSolution
		SolutionGuid = {34CAAD8C-309C-4849-994E-AEC3075135CA}
	EndGlobalSection
EndGlobal
